
Microsoft Visual Studio Solution File, Format Version 12.00
# Visual Studio Version 16
VisualStudioVersion = 16.0.30804.86
MinimumVisualStudioVersion = 10.0.40219.1
Project("{9A19103F-16F7-4668-BE54-9A1E7A4F7556}") = "Entities", "Entities\Entities.csproj", "{DC4F8329-01F9-491C-90B4-47216D339E41}"
EndProject
Project("{9A19103F-16F7-4668-BE54-9A1E7A4F7556}") = "DataAccess", "DataAccess\DataAccess.csproj", "{8505D5B2-992E-403D-BE7B-025734D8AF5D}"
EndProject
Project("{9A19103F-16F7-4668-BE54-9A1E7A4F7556}") = "Business", "Business\Business.csproj", "{F8B2095E-E718-4624-8BBD-3FC24D1CE967}"
EndProject
Project("{9A19103F-16F7-4668-BE54-9A1E7A4F7556}") = "ConsoleApp", "ConsoleApp\ConsoleApp.csproj", "{FB879EDE-6B4A-4805-816A-06FAD3AAED70}"
EndProject
Project("{9A19103F-16F7-4668-BE54-9A1E7A4F7556}") = "Core", "Core\Core.csproj", "{9EA37357-BCD3-469C-892E-A1B253F678F1}"
EndProject
Project("{FAE04EC0-301F-11D3-BF4B-00C04F79EFBC}") = "WebAPİ", "WebAPİ\WebAPİ.csproj", "{4D862B85-3129-4F1A-AA36-2CAFC396F573}"
EndProject
Global
	GlobalSection(SolutionConfigurationPlatforms) = preSolution
		Debug|Any CPU = Debug|Any CPU
		Release|Any CPU = Release|Any CPU
	EndGlobalSection
	GlobalSection(ProjectConfigurationPlatforms) = postSolution
		{DC4F8329-01F9-491C-90B4-47216D339E41}.Debug|Any CPU.ActiveCfg = Debug|Any CPU
		{DC4F8329-01F9-491C-90B4-47216D339E41}.Debug|Any CPU.Build.0 = Debug|Any CPU
		{DC4F8329-01F9-491C-90B4-47216D339E41}.Release|Any CPU.ActiveCfg = Release|Any CPU
		{DC4F8329-01F9-491C-90B4-47216D339E41}.Release|Any CPU.Build.0 = Release|Any CPU
		{8505D5B2-992E-403D-BE7B-025734D8AF5D}.Debug|Any CPU.ActiveCfg = Debug|Any CPU
		{8505D5B2-992E-403D-BE7B-025734D8AF5D}.Debug|Any CPU.Build.0 = Debug|Any CPU
		{8505D5B2-992E-403D-BE7B-025734D8AF5D}.Release|Any CPU.ActiveCfg = Release|Any CPU
		{8505D5B2-992E-403D-BE7B-025734D8AF5D}.Release|Any CPU.Build.0 = Release|Any CPU
		{F8B2095E-E718-4624-8BBD-3FC24D1CE967}.Debug|Any CPU.ActiveCfg = Debug|Any CPU
		{F8B2095E-E718-4624-8BBD-3FC24D1CE967}.Debug|Any CPU.Build.0 = Debug|Any CPU
		{F8B2095E-E718-4624-8BBD-3FC24D1CE967}.Release|Any CPU.ActiveCfg = Release|Any CPU
		{F8B2095E-E718-4624-8BBD-3FC24D1CE967}.Release|Any CPU.Build.0 = Release|Any CPU
		{FB879EDE-6B4A-4805-816A-06FAD3AAED70}.Debug|Any CPU.ActiveCfg = Debug|Any CPU
		{FB879EDE-6B4A-4805-816A-06FAD3AAED70}.Debug|Any CPU.Build.0 = Debug|Any CPU
		{FB879EDE-6B4A-4805-816A-06FAD3AAED70}.Release|Any CPU.ActiveCfg = Release|Any CPU
		{FB879EDE-6B4A-4805-816A-06FAD3AAED70}.Release|Any CPU.Build.0 = Release|Any CPU
		{9EA37357-BCD3-469C-892E-A1B253F678F1}.Debug|Any CPU.ActiveCfg = Debug|Any CPU
		{9EA37357-BCD3-469C-892E-A1B253F678F1}.Debug|Any CPU.Build.0 = Debug|Any CPU
		{9EA37357-BCD3-469C-892E-A1B253F678F1}.Release|Any CPU.ActiveCfg = Release|Any CPU
		{9EA37357-BCD3-469C-892E-A1B253F678F1}.Release|Any CPU.Build.0 = Release|Any CPU
		{4D862B85-3129-4F1A-AA36-2CAFC396F573}.Debug|Any CPU.ActiveCfg = Debug|Any CPU
		{4D862B85-3129-4F1A-AA36-2CAFC396F573}.Debug|Any CPU.Build.0 = Debug|Any CPU
		{4D862B85-3129-4F1A-AA36-2CAFC396F573}.Release|Any CPU.ActiveCfg = Release|Any CPU
		{4D862B85-3129-4F1A-AA36-2CAFC396F573}.Release|Any CPU.Build.0 = Release|Any CPU
	EndGlobalSection
	GlobalSection(SolutionProperties) = preSolution
		HideSolutionNode = FALSE
	EndGlobalSection
	GlobalSection(ExtensibilityGlobals) = postSolution
		SolutionGuid = {FED21B7C-EBD2-4E3D-AA2E-885F978BB511}
	EndGlobalSection
EndGlobal
